
Microsoft Visual Studio Solution File, Format Version 12.00
# Visual Studio 2012
Project("{E24C65DC-7377-472B-9ABA-BC803B73C61A}") = "3.Mustache", ".", "{AE70F46B-929F-4917-81A5-093C4CC292A6}"
	ProjectSection(WebsiteProperties) = preProject
		TargetFrameworkMoniker = ".NETFramework,Version%3Dv4.0"
		Debug.AspNetCompiler.VirtualPath = "/3.Mustache"
		Debug.AspNetCompiler.PhysicalPath = "..\..\..\..\Downloads\parlakov\jsFrameworks\trunk\3.Mustache\"
		Debug.AspNetCompiler.TargetPath = "PrecompiledWeb\3.Mustache\"
		Debug.AspNetCompiler.Updateable = "true"
		Debug.AspNetCompiler.ForceOverwrite = "true"
		Debug.AspNetCompiler.FixedNames = "false"
		Debug.AspNetCompiler.Debug = "True"
		Release.AspNetCompiler.VirtualPath = "/3.Mustache"
		Release.AspNetCompiler.PhysicalPath = "..\..\..\..\Downloads\parlakov\jsFrameworks\trunk\3.Mustache\"
		Release.AspNetCompiler.TargetPath = "PrecompiledWeb\3.Mustache\"
		Release.AspNetCompiler.Updateable = "true"
		Release.AspNetCompiler.ForceOverwrite = "true"
		Release.AspNetCompiler.FixedNames = "false"
		Release.AspNetCompiler.Debug = "False"
		VWDPort = "61467"
	EndProjectSection
EndProject
Global
	GlobalSection(SolutionConfigurationPlatforms) = preSolution
		Debug|Any CPU = Debug|Any CPU
	EndGlobalSection
	GlobalSection(ProjectConfigurationPlatforms) = postSolution
		{AE70F46B-929F-4917-81A5-093C4CC292A6}.Debug|Any CPU.ActiveCfg = Debug|Any CPU
		{AE70F46B-929F-4917-81A5-093C4CC292A6}.Debug|Any CPU.Build.0 = Debug|Any CPU
	EndGlobalSection
	GlobalSection(SolutionProperties) = preSolution
		HideSolutionNode = FALSE
	EndGlobalSection
EndGlobal
