
Microsoft Visual Studio Solution File, Format Version 12.00
# Visual Studio 2012
Project("{E24C65DC-7377-472B-9ABA-BC803B73C61A}") = "Scripts", "Scripts", "{54CA5A46-D298-4BB0-B15C-F6FE9BC48BB9}"
	ProjectSection(WebsiteProperties) = preProject
		TargetFrameworkMoniker = ".NETFramework,Version%3Dv4.0"
		Debug.AspNetCompiler.VirtualPath = "/Scripts"
		Debug.AspNetCompiler.PhysicalPath = "Scripts\"
		Debug.AspNetCompiler.TargetPath = "PrecompiledWeb\Scripts\"
		Debug.AspNetCompiler.Updateable = "true"
		Debug.AspNetCompiler.ForceOverwrite = "true"
		Debug.AspNetCompiler.FixedNames = "false"
		Debug.AspNetCompiler.Debug = "True"
		Release.AspNetCompiler.VirtualPath = "/Scripts"
		Release.AspNetCompiler.PhysicalPath = "Scripts\"
		Release.AspNetCompiler.TargetPath = "PrecompiledWeb\Scripts\"
		Release.AspNetCompiler.Updateable = "true"
		Release.AspNetCompiler.ForceOverwrite = "true"
		Release.AspNetCompiler.FixedNames = "false"
		Release.AspNetCompiler.Debug = "False"
		VWDPort = "58674"
	EndProjectSection
EndProject
Project("{E24C65DC-7377-472B-9ABA-BC803B73C61A}") = "1.Students", "http://localhost:58676", "{6FB4B8A9-7891-45AC-8566-968DB62B2E31}"
	ProjectSection(WebsiteProperties) = preProject
		UseIISExpress = "true"
		TargetFrameworkMoniker = ".NETFramework,Version%3Dv4.5"
		Debug.AspNetCompiler.VirtualPath = "/localhost_58676"
		Debug.AspNetCompiler.PhysicalPath = "1.Students\"
		Debug.AspNetCompiler.TargetPath = "PrecompiledWeb\localhost_58676\"
		Debug.AspNetCompiler.Updateable = "true"
		Debug.AspNetCompiler.ForceOverwrite = "true"
		Debug.AspNetCompiler.FixedNames = "false"
		Debug.AspNetCompiler.Debug = "True"
		Release.AspNetCompiler.VirtualPath = "/localhost_58676"
		Release.AspNetCompiler.PhysicalPath = "1.Students\"
		Release.AspNetCompiler.TargetPath = "PrecompiledWeb\localhost_58676\"
		Release.AspNetCompiler.Updateable = "true"
		Release.AspNetCompiler.ForceOverwrite = "true"
		Release.AspNetCompiler.FixedNames = "false"
		Release.AspNetCompiler.Debug = "False"
		SlnRelativePath = "1.Students\"
		DefaultWebSiteLanguage = "Visual C#"
	EndProjectSection
EndProject
Global
	GlobalSection(SolutionConfigurationPlatforms) = preSolution
		Debug|Any CPU = Debug|Any CPU
	EndGlobalSection
	GlobalSection(ProjectConfigurationPlatforms) = postSolution
		{54CA5A46-D298-4BB0-B15C-F6FE9BC48BB9}.Debug|Any CPU.ActiveCfg = Debug|Any CPU
		{54CA5A46-D298-4BB0-B15C-F6FE9BC48BB9}.Debug|Any CPU.Build.0 = Debug|Any CPU
		{6FB4B8A9-7891-45AC-8566-968DB62B2E31}.Debug|Any CPU.ActiveCfg = Debug|Any CPU
		{6FB4B8A9-7891-45AC-8566-968DB62B2E31}.Debug|Any CPU.Build.0 = Debug|Any CPU
	EndGlobalSection
	GlobalSection(SolutionProperties) = preSolution
		HideSolutionNode = FALSE
	EndGlobalSection
EndGlobal
