
Microsoft Visual Studio Solution File, Format Version 12.00
# Visual Studio 2012
Project("{E24C65DC-7377-472B-9ABA-BC803B73C61A}") = "1.DisplayProperties", "http://localhost:50831", "{6711C240-8B82-4DFD-B8F1-CB1889D11BA0}"
	ProjectSection(WebsiteProperties) = preProject
		UseIISExpress = "true"
		TargetFrameworkMoniker = ".NETFramework,Version%3Dv4.5"
		Debug.AspNetCompiler.VirtualPath = "/localhost_50831"
		Debug.AspNetCompiler.PhysicalPath = "1.DisplayProperties\"
		Debug.AspNetCompiler.TargetPath = "PrecompiledWeb\localhost_50831\"
		Debug.AspNetCompiler.Updateable = "true"
		Debug.AspNetCompiler.ForceOverwrite = "true"
		Debug.AspNetCompiler.FixedNames = "false"
		Debug.AspNetCompiler.Debug = "True"
		Release.AspNetCompiler.VirtualPath = "/localhost_50831"
		Release.AspNetCompiler.PhysicalPath = "1.DisplayProperties\"
		Release.AspNetCompiler.TargetPath = "PrecompiledWeb\localhost_50831\"
		Release.AspNetCompiler.Updateable = "true"
		Release.AspNetCompiler.ForceOverwrite = "true"
		Release.AspNetCompiler.FixedNames = "false"
		Release.AspNetCompiler.Debug = "False"
		SlnRelativePath = "1.DisplayProperties\"
		DefaultWebSiteLanguage = "Visual C#"
	EndProjectSection
EndProject
Project("{E24C65DC-7377-472B-9ABA-BC803B73C61A}") = "2.GeolocationEtc", "http://localhost:63090", "{4182272C-AC94-4E89-B3C4-846065EA33EC}"
	ProjectSection(WebsiteProperties) = preProject
		UseIISExpress = "true"
		TargetFrameworkMoniker = ".NETFramework,Version%3Dv4.5"
		Debug.AspNetCompiler.VirtualPath = "/localhost_63090"
		Debug.AspNetCompiler.PhysicalPath = "2.GeolocationEtc\"
		Debug.AspNetCompiler.TargetPath = "PrecompiledWeb\localhost_63090\"
		Debug.AspNetCompiler.Updateable = "true"
		Debug.AspNetCompiler.ForceOverwrite = "true"
		Debug.AspNetCompiler.FixedNames = "false"
		Debug.AspNetCompiler.Debug = "True"
		Release.AspNetCompiler.VirtualPath = "/localhost_63090"
		Release.AspNetCompiler.PhysicalPath = "2.GeolocationEtc\"
		Release.AspNetCompiler.TargetPath = "PrecompiledWeb\localhost_63090\"
		Release.AspNetCompiler.Updateable = "true"
		Release.AspNetCompiler.ForceOverwrite = "true"
		Release.AspNetCompiler.FixedNames = "false"
		Release.AspNetCompiler.Debug = "False"
		SlnRelativePath = "2.GeolocationEtc\"
		DefaultWebSiteLanguage = "Visual C#"
	EndProjectSection
EndProject
Project("{E24C65DC-7377-472B-9ABA-BC803B73C61A}") = "3.DatePicker", "http://localhost:64012", "{09AD277F-9507-42F7-BED7-824A20633F0D}"
	ProjectSection(WebsiteProperties) = preProject
		UseIISExpress = "true"
		TargetFrameworkMoniker = ".NETFramework,Version%3Dv4.5"
		Debug.AspNetCompiler.VirtualPath = "/localhost_64012"
		Debug.AspNetCompiler.PhysicalPath = "3.DatePicker\"
		Debug.AspNetCompiler.TargetPath = "PrecompiledWeb\localhost_64012\"
		Debug.AspNetCompiler.Updateable = "true"
		Debug.AspNetCompiler.ForceOverwrite = "true"
		Debug.AspNetCompiler.FixedNames = "false"
		Debug.AspNetCompiler.Debug = "True"
		Release.AspNetCompiler.VirtualPath = "/localhost_64012"
		Release.AspNetCompiler.PhysicalPath = "3.DatePicker\"
		Release.AspNetCompiler.TargetPath = "PrecompiledWeb\localhost_64012\"
		Release.AspNetCompiler.Updateable = "true"
		Release.AspNetCompiler.ForceOverwrite = "true"
		Release.AspNetCompiler.FixedNames = "false"
		Release.AspNetCompiler.Debug = "False"
		SlnRelativePath = "3.DatePicker\"
		DefaultWebSiteLanguage = "Visual C#"
	EndProjectSection
EndProject
Global
	GlobalSection(SolutionConfigurationPlatforms) = preSolution
		Debug|Any CPU = Debug|Any CPU
	EndGlobalSection
	GlobalSection(ProjectConfigurationPlatforms) = postSolution
		{6711C240-8B82-4DFD-B8F1-CB1889D11BA0}.Debug|Any CPU.ActiveCfg = Debug|Any CPU
		{6711C240-8B82-4DFD-B8F1-CB1889D11BA0}.Debug|Any CPU.Build.0 = Debug|Any CPU
		{4182272C-AC94-4E89-B3C4-846065EA33EC}.Debug|Any CPU.ActiveCfg = Debug|Any CPU
		{4182272C-AC94-4E89-B3C4-846065EA33EC}.Debug|Any CPU.Build.0 = Debug|Any CPU
		{09AD277F-9507-42F7-BED7-824A20633F0D}.Debug|Any CPU.ActiveCfg = Debug|Any CPU
		{09AD277F-9507-42F7-BED7-824A20633F0D}.Debug|Any CPU.Build.0 = Debug|Any CPU
	EndGlobalSection
	GlobalSection(SolutionProperties) = preSolution
		HideSolutionNode = FALSE
	EndGlobalSection
EndGlobal
