
Microsoft Visual Studio Solution File, Format Version 12.00
# Visual Studio 2012
Project("{FAE04EC0-301F-11D3-BF4B-00C04F79EFBC}") = "1.Students", "Students\1.Students.csproj", "{F02A71DD-1AEC-4678-ABC9-1F253298E75D}"
EndProject
Global
	GlobalSection(SolutionConfigurationPlatforms) = preSolution
		Debug|Any CPU = Debug|Any CPU
		Release|Any CPU = Release|Any CPU
	EndGlobalSection
	GlobalSection(ProjectConfigurationPlatforms) = postSolution
		{F02A71DD-1AEC-4678-ABC9-1F253298E75D}.Debug|Any CPU.ActiveCfg = Debug|Any CPU
		{F02A71DD-1AEC-4678-ABC9-1F253298E75D}.Debug|Any CPU.Build.0 = Debug|Any CPU
		{F02A71DD-1AEC-4678-ABC9-1F253298E75D}.Release|Any CPU.ActiveCfg = Release|Any CPU
		{F02A71DD-1AEC-4678-ABC9-1F253298E75D}.Release|Any CPU.Build.0 = Release|Any CPU
	EndGlobalSection
	GlobalSection(SolutionProperties) = preSolution
		HideSolutionNode = FALSE
	EndGlobalSection
EndGlobal
